// !$*UTF8*$!
{
	archiveVersion = 1;
	classes = {
	};
	objectVersion = 55;
	objects = {

/* Begin PBXBuildFile section */
		B2B6E5A027301B8000D30397 /* simplyutilApp.swift in Sources */ = {isa = PBXBuildFile; fileRef = B2B6E59F27301B8000D30397 /* simplyutilApp.swift */; };
		B2B6E5A227301B8000D30397 /* ContentView.swift in Sources */ = {isa = PBXBuildFile; fileRef = B2B6E5A127301B8000D30397 /* ContentView.swift */; };
		B2B6E5A427301B8100D30397 /* Assets.xcassets in Resources */ = {isa = PBXBuildFile; fileRef = B2B6E5A327301B8100D30397 /* Assets.xcassets */; };
		B2B6E5A727301B8100D30397 /* Preview Assets.xcassets in Resources */ = {isa = PBXBuildFile; fileRef = B2B6E5A627301B8100D30397 /* Preview Assets.xcassets */; };
		B2B6E5B127301B8100D30397 /* simplyutilTests.swift in Sources */ = {isa = PBXBuildFile; fileRef = B2B6E5B027301B8100D30397 /* simplyutilTests.swift */; };
		B2B6E5BB27301B8100D30397 /* simplyutilUITests.swift in Sources */ = {isa = PBXBuildFile; fileRef = B2B6E5BA27301B8100D30397 /* simplyutilUITests.swift */; };
		B2B6E5BD27301B8100D30397 /* simplyutilUITestsLaunchTests.swift in Sources */ = {isa = PBXBuildFile; fileRef = B2B6E5BC27301B8100D30397 /* simplyutilUITestsLaunchTests.swift */; };
/* End PBXBuildFile section */

/* Begin PBXContainerItemProxy section */
		B2B6E5AD27301B8100D30397 /* PBXContainerItemProxy */ = {
			isa = PBXContainerItemProxy;
			containerPortal = B2B6E59427301B8000D30397 /* Project object */;
			proxyType = 1;
			remoteGlobalIDString = B2B6E59B27301B8000D30397;
			remoteInfo = simplyutil;
		};
		B2B6E5B727301B8100D30397 /* PBXContainerItemProxy */ = {
			isa = PBXContainerItemProxy;
			containerPortal = B2B6E59427301B8000D30397 /* Project object */;
			proxyType = 1;
			remoteGlobalIDString = B2B6E59B27301B8000D30397;
			remoteInfo = simplyutil;
		};
/* End PBXContainerItemProxy section */

/* Begin PBXFileReference section */
		B2B6E59C27301B8000D30397 /* simplyutil.app */ = {isa = PBXFileReference; explicitFileType = wrapper.application; includeInIndex = 0; path = simplyutil.app; sourceTree = BUILT_PRODUCTS_DIR; };
		B2B6E59F27301B8000D30397 /* simplyutilApp.swift */ = {isa = PBXFileReference; lastKnownFileType = sourcecode.swift; path = simplyutilApp.swift; sourceTree = "<group>"; };
		B2B6E5A127301B8000D30397 /* ContentView.swift */ = {isa = PBXFileReference; lastKnownFileType = sourcecode.swift; path = ContentView.swift; sourceTree = "<group>"; };
		B2B6E5A327301B8100D30397 /* Assets.xcassets */ = {isa = PBXFileReference; lastKnownFileType = folder.assetcatalog; path = Assets.xcassets; sourceTree = "<group>"; };
		B2B6E5A627301B8100D30397 /* Preview Assets.xcassets */ = {isa = PBXFileReference; lastKnownFileType = folder.assetcatalog; path = "Preview Assets.xcassets"; sourceTree = "<group>"; };
		B2B6E5AC27301B8100D30397 /* simplyutilTests.xctest */ = {isa = PBXFileReference; explicitFileType = wrapper.cfbundle; includeInIndex = 0; path = simplyutilTests.xctest; sourceTree = BUILT_PRODUCTS_DIR; };
		B2B6E5B027301B8100D30397 /* simplyutilTests.swift */ = {isa = PBXFileReference; lastKnownFileType = sourcecode.swift; path = simplyutilTests.swift; sourceTree = "<group>"; };
		B2B6E5B627301B8100D30397 /* simplyutilUITests.xctest */ = {isa = PBXFileReference; explicitFileType = wrapper.cfbundle; includeInIndex = 0; path = simplyutilUITests.xctest; sourceTree = BUILT_PRODUCTS_DIR; };
		B2B6E5BA27301B8100D30397 /* simplyutilUITests.swift */ = {isa = PBXFileReference; lastKnownFileType = sourcecode.swift; path = simplyutilUITests.swift; sourceTree = "<group>"; };
		B2B6E5BC27301B8100D30397 /* simplyutilUITestsLaunchTests.swift */ = {isa = PBXFileReference; lastKnownFileType = sourcecode.swift; path = simplyutilUITestsLaunchTests.swift; sourceTree = "<group>"; };
/* End PBXFileReference section */

/* Begin PBXFrameworksBuildPhase section */
		B2B6E59927301B8000D30397 /* Frameworks */ = {
			isa = PBXFrameworksBuildPhase;
			buildActionMask = 2147483647;
			files = (
			);
			runOnlyForDeploymentPostprocessing = 0;
		};
		B2B6E5A927301B8100D30397 /* Frameworks */ = {
			isa = PBXFrameworksBuildPhase;
			buildActionMask = 2147483647;
			files = (
			);
			runOnlyForDeploymentPostprocessing = 0;
		};
		B2B6E5B327301B8100D30397 /* Frameworks */ = {
			isa = PBXFrameworksBuildPhase;
			buildActionMask = 2147483647;
			files = (
			);
			runOnlyForDeploymentPostprocessing = 0;
		};
/* End PBXFrameworksBuildPhase section */

/* Begin PBXGroup section */
		B2B6E59327301B8000D30397 = {
			isa = PBXGroup;
			children = (
				B2B6E59E27301B8000D30397 /* simplyutil */,
				B2B6E5AF27301B8100D30397 /* simplyutilTests */,
				B2B6E5B927301B8100D30397 /* simplyutilUITests */,
				B2B6E59D27301B8000D30397 /* Products */,
			);
			sourceTree = "<group>";
		};
		B2B6E59D27301B8000D30397 /* Products */ = {
			isa = PBXGroup;
			children = (
				B2B6E59C27301B8000D30397 /* simplyutil.app */,
				B2B6E5AC27301B8100D30397 /* simplyutilTests.xctest */,
				B2B6E5B627301B8100D30397 /* simplyutilUITests.xctest */,
			);
			name = Products;
			sourceTree = "<group>";
		};
		B2B6E59E27301B8000D30397 /* simplyutil */ = {
			isa = PBXGroup;
			children = (
				B2B6E59F27301B8000D30397 /* simplyutilApp.swift */,
				B2B6E5A127301B8000D30397 /* ContentView.swift */,
				B2B6E5A327301B8100D30397 /* Assets.xcassets */,
				B2B6E5A527301B8100D30397 /* Preview Content */,
			);
			path = simplyutil;
			sourceTree = "<group>";
		};
		B2B6E5A527301B8100D30397 /* Preview Content */ = {
			isa = PBXGroup;
			children = (
				B2B6E5A627301B8100D30397 /* Preview Assets.xcassets */,
			);
			path = "Preview Content";
			sourceTree = "<group>";
		};
		B2B6E5AF27301B8100D30397 /* simplyutilTests */ = {
			isa = PBXGroup;
			children = (
				B2B6E5B027301B8100D30397 /* simplyutilTests.swift */,
			);
			path = simplyutilTests;
			sourceTree = "<group>";
		};
		B2B6E5B927301B8100D30397 /* simplyutilUITests */ = {
			isa = PBXGroup;
			children = (
				B2B6E5BA27301B8100D30397 /* simplyutilUITests.swift */,
				B2B6E5BC27301B8100D30397 /* simplyutilUITestsLaunchTests.swift */,
			);
			path = simplyutilUITests;
			sourceTree = "<group>";
		};
/* End PBXGroup section */

/* Begin PBXNativeTarget section */
		B2B6E59B27301B8000D30397 /* simplyutil */ = {
			isa = PBXNativeTarget;
			buildConfigurationList = B2B6E5C027301B8100D30397 /* Build configuration list for PBXNativeTarget "simplyutil" */;
			buildPhases = (
				B2B6E59827301B8000D30397 /* Sources */,
				B2B6E59927301B8000D30397 /* Frameworks */,
				B2B6E59A27301B8000D30397 /* Resources */,
			);
			buildRules = (
			);
			dependencies = (
			);
			name = simplyutil;
			productName = simplyutil;
			productReference = B2B6E59C27301B8000D30397 /* simplyutil.app */;
			productType = "com.apple.product-type.application";
		};
		B2B6E5AB27301B8100D30397 /* simplyutilTests */ = {
			isa = PBXNativeTarget;
			buildConfigurationList = B2B6E5C327301B8100D30397 /* Build configuration list for PBXNativeTarget "simplyutilTests" */;
			buildPhases = (
				B2B6E5A827301B8100D30397 /* Sources */,
				B2B6E5A927301B8100D30397 /* Frameworks */,
				B2B6E5AA27301B8100D30397 /* Resources */,
			);
			buildRules = (
			);
			dependencies = (
				B2B6E5AE27301B8100D30397 /* PBXTargetDependency */,
			);
			name = simplyutilTests;
			productName = simplyutilTests;
			productReference = B2B6E5AC27301B8100D30397 /* simplyutilTests.xctest */;
			productType = "com.apple.product-type.bundle.unit-test";
		};
		B2B6E5B527301B8100D30397 /* simplyutilUITests */ = {
			isa = PBXNativeTarget;
			buildConfigurationList = B2B6E5C627301B8100D30397 /* Build configuration list for PBXNativeTarget "simplyutilUITests" */;
			buildPhases = (
				B2B6E5B227301B8100D30397 /* Sources */,
				B2B6E5B327301B8100D30397 /* Frameworks */,
				B2B6E5B427301B8100D30397 /* Resources */,
			);
			buildRules = (
			);
			dependencies = (
				B2B6E5B827301B8100D30397 /* PBXTargetDependency */,
			);
			name = simplyutilUITests;
			productName = simplyutilUITests;
			productReference = B2B6E5B627301B8100D30397 /* simplyutilUITests.xctest */;
			productType = "com.apple.product-type.bundle.ui-testing";
		};
/* End PBXNativeTarget section */

/* Begin PBXProject section */
		B2B6E59427301B8000D30397 /* Project object */ = {
			isa = PBXProject;
			attributes = {
				BuildIndependentTargetsInParallel = 1;
				LastSwiftUpdateCheck = 1310;
				LastUpgradeCheck = 1310;
				TargetAttributes = {
					B2B6E59B27301B8000D30397 = {
						CreatedOnToolsVersion = 13.1;
					};
					B2B6E5AB27301B8100D30397 = {
						CreatedOnToolsVersion = 13.1;
						TestTargetID = B2B6E59B27301B8000D30397;
					};
					B2B6E5B527301B8100D30397 = {
						CreatedOnToolsVersion = 13.1;
						TestTargetID = B2B6E59B27301B8000D30397;
					};
				};
			};
			buildConfigurationList = B2B6E59727301B8000D30397 /* Build configuration list for PBXProject "simplyutil" */;
			compatibilityVersion = "Xcode 13.0";
			developmentRegion = en;
			hasScannedForEncodings = 0;
			knownRegions = (
				en,
				Base,
			);
			mainGroup = B2B6E59327301B8000D30397;
			productRefGroup = B2B6E59D27301B8000D30397 /* Products */;
			projectDirPath = "";
			projectRoot = "";
			targets = (
				B2B6E59B27301B8000D30397 /* simplyutil */,
				B2B6E5AB27301B8100D30397 /* simplyutilTests */,
				B2B6E5B527301B8100D30397 /* simplyutilUITests */,
			);
		};
/* End PBXProject section */

/* Begin PBXResourcesBuildPhase section */
		B2B6E59A27301B8000D30397 /* Resources */ = {
			isa = PBXResourcesBuildPhase;
			buildActionMask = 2147483647;
			files = (
				B2B6E5A727301B8100D30397 /* Preview Assets.xcassets in Resources */,
				B2B6E5A427301B8100D30397 /* Assets.xcassets in Resources */,
			);
			runOnlyForDeploymentPostprocessing = 0;
		};
		B2B6E5AA27301B8100D30397 /* Resources */ = {
			isa = PBXResourcesBuildPhase;
			buildActionMask = 2147483647;
			files = (
			);
			runOnlyForDeploymentPostprocessing = 0;
		};
		B2B6E5B427301B8100D30397 /* Resources */ = {
			isa = PBXResourcesBuildPhase;
			buildActionMask = 2147483647;
			files = (
			);
			runOnlyForDeploymentPostprocessing = 0;
		};
/* End PBXResourcesBuildPhase section */

/* Begin PBXSourcesBuildPhase section */
		B2B6E59827301B8000D30397 /* Sources */ = {
			isa = PBXSourcesBuildPhase;
			buildActionMask = 2147483647;
			files = (
				B2B6E5A227301B8000D30397 /* ContentView.swift in Sources */,
				B2B6E5A027301B8000D30397 /* simplyutilApp.swift in Sources */,
			);
			runOnlyForDeploymentPostprocessing = 0;
		};
		B2B6E5A827301B8100D30397 /* Sources */ = {
			isa = PBXSourcesBuildPhase;
			buildActionMask = 2147483647;
			files = (
				B2B6E5B127301B8100D30397 /* simplyutilTests.swift in Sources */,
			);
			runOnlyForDeploymentPostprocessing = 0;
		};
		B2B6E5B227301B8100D30397 /* Sources */ = {
			isa = PBXSourcesBuildPhase;
			buildActionMask = 2147483647;
			files = (
				B2B6E5BD27301B8100D30397 /* simplyutilUITestsLaunchTests.swift in Sources */,
				B2B6E5BB27301B8100D30397 /* simplyutilUITests.swift in Sources */,
			);
			runOnlyForDeploymentPostprocessing = 0;
		};
/* End PBXSourcesBuildPhase section */

/* Begin PBXTargetDependency section */
		B2B6E5AE27301B8100D30397 /* PBXTargetDependency */ = {
			isa = PBXTargetDependency;
			target = B2B6E59B27301B8000D30397 /* simplyutil */;
			targetProxy = B2B6E5AD27301B8100D30397 /* PBXContainerItemProxy */;
		};
		B2B6E5B827301B8100D30397 /* PBXTargetDependency */ = {
			isa = PBXTargetDependency;
			target = B2B6E59B27301B8000D30397 /* simplyutil */;
			targetProxy = B2B6E5B727301B8100D30397 /* PBXContainerItemProxy */;
		};
/* End PBXTargetDependency section */

/* Begin XCBuildConfiguration section */
		B2B6E5BE27301B8100D30397 /* Debug */ = {
			isa = XCBuildConfiguration;
			buildSettings = {
				ALWAYS_SEARCH_USER_PATHS = NO;
				CLANG_ANALYZER_NONNULL = YES;
				CLANG_ANALYZER_NUMBER_OBJECT_CONVERSION = YES_AGGRESSIVE;
				CLANG_CXX_LANGUAGE_STANDARD = "gnu++17";
				CLANG_CXX_LIBRARY = "libc++";
				CLANG_ENABLE_MODULES = YES;
				CLANG_ENABLE_OBJC_ARC = YES;
				CLANG_ENABLE_OBJC_WEAK = YES;
				CLANG_WARN_BLOCK_CAPTURE_AUTORELEASING = YES;
				CLANG_WARN_BOOL_CONVERSION = YES;
				CLANG_WARN_COMMA = YES;
				CLANG_WARN_CONSTANT_CONVERSION = YES;
				CLANG_WARN_DEPRECATED_OBJC_IMPLEMENTATIONS = YES;
				CLANG_WARN_DIRECT_OBJC_ISA_USAGE = YES_ERROR;
				CLANG_WARN_DOCUMENTATION_COMMENTS = YES;
				CLANG_WARN_EMPTY_BODY = YES;
				CLANG_WARN_ENUM_CONVERSION = YES;
				CLANG_WARN_INFINITE_RECURSION = YES;
				CLANG_WARN_INT_CONVERSION = YES;
				CLANG_WARN_NON_LITERAL_NULL_CONVERSION = YES;
				CLANG_WARN_OBJC_IMPLICIT_RETAIN_SELF = YES;
				CLANG_WARN_OBJC_LITERAL_CONVERSION = YES;
				CLANG_WARN_OBJC_ROOT_CLASS = YES_ERROR;
				CLANG_WARN_QUOTED_INCLUDE_IN_FRAMEWORK_HEADER = YES;
				CLANG_WARN_RANGE_LOOP_ANALYSIS = YES;
				CLANG_WARN_STRICT_PROTOTYPES = YES;
				CLANG_WARN_SUSPICIOUS_MOVE = YES;
				CLANG_WARN_UNGUARDED_AVAILABILITY = YES_AGGRESSIVE;
				CLANG_WARN_UNREACHABLE_CODE = YES;
				CLANG_WARN__DUPLICATE_METHOD_MATCH = YES;
				COPY_PHASE_STRIP = NO;
				DEBUG_INFORMATION_FORMAT = dwarf;
				ENABLE_STRICT_OBJC_MSGSEND = YES;
				ENABLE_TESTABILITY = YES;
				GCC_C_LANGUAGE_STANDARD = gnu11;
				GCC_DYNAMIC_NO_PIC = NO;
				GCC_NO_COMMON_BLOCKS = YES;
				GCC_OPTIMIZATION_LEVEL = 0;
				GCC_PREPROCESSOR_DEFINITIONS = (
					"DEBUG=1",
					"$(inherited)",
				);
				GCC_WARN_64_TO_32_BIT_CONVERSION = YES;
				GCC_WARN_ABOUT_RETURN_TYPE = YES_ERROR;
				GCC_WARN_UNDECLARED_SELECTOR = YES;
				GCC_WARN_UNINITIALIZED_AUTOS = YES_AGGRESSIVE;
				GCC_WARN_UNUSED_FUNCTION = YES;
				GCC_WARN_UNUSED_VARIABLE = YES;
				IPHONEOS_DEPLOYMENT_TARGET = 15.0;
				MTL_ENABLE_DEBUG_INFO = INCLUDE_SOURCE;
				MTL_FAST_MATH = YES;
				ONLY_ACTIVE_ARCH = YES;
				SDKROOT = iphoneos;
				SWIFT_ACTIVE_COMPILATION_CONDITIONS = DEBUG;
				SWIFT_OPTIMIZATION_LEVEL = "-Onone";
			};
			name = Debug;
		};
		B2B6E5BF27301B8100D30397 /* Release */ = {
			isa = XCBuildConfiguration;
			buildSettings = {
				ALWAYS_SEARCH_USER_PATHS = NO;
				CLANG_ANALYZER_NONNULL = YES;
				CLANG_ANALYZER_NUMBER_OBJECT_CONVERSION = YES_AGGRESSIVE;
				CLANG_CXX_LANGUAGE_STANDARD = "gnu++17";
				CLANG_CXX_LIBRARY = "libc++";
				CLANG_ENABLE_MODULES = YES;
				CLANG_ENABLE_OBJC_ARC = YES;
				CLANG_ENABLE_OBJC_WEAK = YES;
				CLANG_WARN_BLOCK_CAPTURE_AUTORELEASING = YES;
				CLANG_WARN_BOOL_CONVERSION = YES;
				CLANG_WARN_COMMA = YES;
				CLANG_WARN_CONSTANT_CONVERSION = YES;
				CLANG_WARN_DEPRECATED_OBJC_IMPLEMENTATIONS = YES;
				CLANG_WARN_DIRECT_OBJC_ISA_USAGE = YES_ERROR;
				CLANG_WARN_DOCUMENTATION_COMMENTS = YES;
				CLANG_WARN_EMPTY_BODY = YES;
				CLANG_WARN_ENUM_CONVERSION = YES;
				CLANG_WARN_INFINITE_RECURSION = YES;
				CLANG_WARN_INT_CONVERSION = YES;
				CLANG_WARN_NON_LITERAL_NULL_CONVERSION = YES;
				CLANG_WARN_OBJC_IMPLICIT_RETAIN_SELF = YES;
				CLANG_WARN_OBJC_LITERAL_CONVERSION = YES;
				CLANG_WARN_OBJC_ROOT_CLASS = YES_ERROR;
				CLANG_WARN_QUOTED_INCLUDE_IN_FRAMEWORK_HEADER = YES;
				CLANG_WARN_RANGE_LOOP_ANALYSIS = YES;
				CLANG_WARN_STRICT_PROTOTYPES = YES;
				CLANG_WARN_SUSPICIOUS_MOVE = YES;
				CLANG_WARN_UNGUARDED_AVAILABILITY = YES_AGGRESSIVE;
				CLANG_WARN_UNREACHABLE_CODE = YES;
				CLANG_WARN__DUPLICATE_METHOD_MATCH = YES;
				COPY_PHASE_STRIP = NO;
				DEBUG_INFORMATION_FORMAT = "dwarf-with-dsym";
				ENABLE_NS_ASSERTIONS = NO;
				ENABLE_STRICT_OBJC_MSGSEND = YES;
				GCC_C_LANGUAGE_STANDARD = gnu11;
				GCC_NO_COMMON_BLOCKS = YES;
				GCC_WARN_64_TO_32_BIT_CONVERSION = YES;
				GCC_WARN_ABOUT_RETURN_TYPE = YES_ERROR;
				GCC_WARN_UNDECLARED_SELECTOR = YES;
				GCC_WARN_UNINITIALIZED_AUTOS = YES_AGGRESSIVE;
				GCC_WARN_UNUSED_FUNCTION = YES;
				GCC_WARN_UNUSED_VARIABLE = YES;
				IPHONEOS_DEPLOYMENT_TARGET = 15.0;
				MTL_ENABLE_DEBUG_INFO = NO;
				MTL_FAST_MATH = YES;
				SDKROOT = iphoneos;
				SWIFT_COMPILATION_MODE = wholemodule;
				SWIFT_OPTIMIZATION_LEVEL = "-O";
				VALIDATE_PRODUCT = YES;
			};
			name = Release;
		};
		B2B6E5C127301B8100D30397 /* Debug */ = {
			isa = XCBuildConfiguration;
			buildSettings = {
				ASSETCATALOG_COMPILER_APPICON_NAME = AppIcon;
				ASSETCATALOG_COMPILER_GLOBAL_ACCENT_COLOR_NAME = AccentColor;
				CODE_SIGN_STYLE = Automatic;
				CURRENT_PROJECT_VERSION = 1;
				DEVELOPMENT_ASSET_PATHS = "\"simplyutil/Preview Content\"";
				DEVELOPMENT_TEAM = XJ6N6JRED2;
				ENABLE_PREVIEWS = YES;
				GENERATE_INFOPLIST_FILE = YES;
				INFOPLIST_KEY_UIApplicationSceneManifest_Generation = YES;
				INFOPLIST_KEY_UIApplicationSupportsIndirectInputEvents = YES;
				INFOPLIST_KEY_UILaunchScreen_Generation = YES;
				INFOPLIST_KEY_UISupportedInterfaceOrientations_iPad = "UIInterfaceOrientationPortrait UIInterfaceOrientationPortraitUpsideDown UIInterfaceOrientationLandscapeLeft UIInterfaceOrientationLandscapeRight";
				INFOPLIST_KEY_UISupportedInterfaceOrientations_iPhone = "UIInterfaceOrientationPortrait UIInterfaceOrientationLandscapeLeft UIInterfaceOrientationLandscapeRight";
				LD_RUNPATH_SEARCH_PATHS = (
					"$(inherited)",
					"@executable_path/Frameworks",
				);
				MARKETING_VERSION = 1.0;
				PRODUCT_BUNDLE_IDENTIFIER = com.shapiraomri.simplyutil;
				PRODUCT_NAME = "$(TARGET_NAME)";
				SWIFT_EMIT_LOC_STRINGS = YES;
				SWIFT_VERSION = 5.0;
				TARGETED_DEVICE_FAMILY = "1,2";
			};
			name = Debug;
		};
		B2B6E5C227301B8100D30397 /* Release */ = {
			isa = XCBuildConfiguration;
			buildSettings = {
				ASSETCATALOG_COMPILER_APPICON_NAME = AppIcon;
				ASSETCATALOG_COMPILER_GLOBAL_ACCENT_COLOR_NAME = AccentColor;
				CODE_SIGN_STYLE = Automatic;
				CURRENT_PROJECT_VERSION = 1;
				DEVELOPMENT_ASSET_PATHS = "\"simplyutil/Preview Content\"";
				DEVELOPMENT_TEAM = XJ6N6JRED2;
				ENABLE_PREVIEWS = YES;
				GENERATE_INFOPLIST_FILE = YES;
				INFOPLIST_KEY_UIApplicationSceneManifest_Generation = YES;
				INFOPLIST_KEY_UIApplicationSupportsIndirectInputEvents = YES;
				INFOPLIST_KEY_UILaunchScreen_Generation = YES;
				INFOPLIST_KEY_UISupportedInterfaceOrientations_iPad = "UIInterfaceOrientationPortrait UIInterfaceOrientationPortraitUpsideDown UIInterfaceOrientationLandscapeLeft UIInterfaceOrientationLandscapeRight";
				INFOPLIST_KEY_UISupportedInterfaceOrientations_iPhone = "UIInterfaceOrientationPortrait UIInterfaceOrientationLandscapeLeft UIInterfaceOrientationLandscapeRight";
				LD_RUNPATH_SEARCH_PATHS = (
					"$(inherited)",
					"@executable_path/Frameworks",
				);
				MARKETING_VERSION = 1.0;
				PRODUCT_BUNDLE_IDENTIFIER = com.shapiraomri.simplyutil;
				PRODUCT_NAME = "$(TARGET_NAME)";
				SWIFT_EMIT_LOC_STRINGS = YES;
				SWIFT_VERSION = 5.0;
				TARGETED_DEVICE_FAMILY = "1,2";
			};
			name = Release;
		};
		B2B6E5C427301B8100D30397 /* Debug */ = {
			isa = XCBuildConfiguration;
			buildSettings = {
				ALWAYS_EMBED_SWIFT_STANDARD_LIBRARIES = YES;
				BUNDLE_LOADER = "$(TEST_HOST)";
				CODE_SIGN_STYLE = Automatic;
				CURRENT_PROJECT_VERSION = 1;
				DEVELOPMENT_TEAM = XJ6N6JRED2;
				GENERATE_INFOPLIST_FILE = YES;
				IPHONEOS_DEPLOYMENT_TARGET = 15.0;
				LD_RUNPATH_SEARCH_PATHS = (
					"$(inherited)",
					"@executable_path/Frameworks",
					"@loader_path/Frameworks",
				);
				MARKETING_VERSION = 1.0;
				PRODUCT_BUNDLE_IDENTIFIER = com.shapiraomri.simplyutilTests;
				PRODUCT_NAME = "$(TARGET_NAME)";
				SWIFT_EMIT_LOC_STRINGS = NO;
				SWIFT_VERSION = 5.0;
				TARGETED_DEVICE_FAMILY = "1,2";
				TEST_HOST = "$(BUILT_PRODUCTS_DIR)/simplyutil.app/simplyutil";
			};
			name = Debug;
		};
		B2B6E5C527301B8100D30397 /* Release */ = {
			isa = XCBuildConfiguration;
			buildSettings = {
				ALWAYS_EMBED_SWIFT_STANDARD_LIBRARIES = YES;
				BUNDLE_LOADER = "$(TEST_HOST)";
				CODE_SIGN_STYLE = Automatic;
				CURRENT_PROJECT_VERSION = 1;
				DEVELOPMENT_TEAM = XJ6N6JRED2;
				GENERATE_INFOPLIST_FILE = YES;
				IPHONEOS_DEPLOYMENT_TARGET = 15.0;
				LD_RUNPATH_SEARCH_PATHS = (
					"$(inherited)",
					"@executable_path/Frameworks",
					"@loader_path/Frameworks",
				);
				MARKETING_VERSION = 1.0;
				PRODUCT_BUNDLE_IDENTIFIER = com.shapiraomri.simplyutilTests;
				PRODUCT_NAME = "$(TARGET_NAME)";
				SWIFT_EMIT_LOC_STRINGS = NO;
				SWIFT_VERSION = 5.0;
				TARGETED_DEVICE_FAMILY = "1,2";
				TEST_HOST = "$(BUILT_PRODUCTS_DIR)/simplyutil.app/simplyutil";
			};
			name = Release;
		};
		B2B6E5C727301B8100D30397 /* Debug */ = {
			isa = XCBuildConfiguration;
			buildSettings = {
				ALWAYS_EMBED_SWIFT_STANDARD_LIBRARIES = YES;
				CODE_SIGN_STYLE = Automatic;
				CURRENT_PROJECT_VERSION = 1;
				DEVELOPMENT_TEAM = XJ6N6JRED2;
				GENERATE_INFOPLIST_FILE = YES;
				LD_RUNPATH_SEARCH_PATHS = (
					"$(inherited)",
					"@executable_path/Frameworks",
					"@loader_path/Frameworks",
				);
				MARKETING_VERSION = 1.0;
				PRODUCT_BUNDLE_IDENTIFIER = com.shapiraomri.simplyutilUITests;
				PRODUCT_NAME = "$(TARGET_NAME)";
				SWIFT_EMIT_LOC_STRINGS = NO;
				SWIFT_VERSION = 5.0;
				TARGETED_DEVICE_FAMILY = "1,2";
				TEST_TARGET_NAME = simplyutil;
			};
			name = Debug;
		};
		B2B6E5C827301B8100D30397 /* Release */ = {
			isa = XCBuildConfiguration;
			buildSettings = {
				ALWAYS_EMBED_SWIFT_STANDARD_LIBRARIES = YES;
				CODE_SIGN_STYLE = Automatic;
				CURRENT_PROJECT_VERSION = 1;
				DEVELOPMENT_TEAM = XJ6N6JRED2;
				GENERATE_INFOPLIST_FILE = YES;
				LD_RUNPATH_SEARCH_PATHS = (
					"$(inherited)",
					"@executable_path/Frameworks",
					"@loader_path/Frameworks",
				);
				MARKETING_VERSION = 1.0;
				PRODUCT_BUNDLE_IDENTIFIER = com.shapiraomri.simplyutilUITests;
				PRODUCT_NAME = "$(TARGET_NAME)";
				SWIFT_EMIT_LOC_STRINGS = NO;
				SWIFT_VERSION = 5.0;
				TARGETED_DEVICE_FAMILY = "1,2";
				TEST_TARGET_NAME = simplyutil;
			};
			name = Release;
		};
/* End XCBuildConfiguration section */

/* Begin XCConfigurationList section */
		B2B6E59727301B8000D30397 /* Build configuration list for PBXProject "simplyutil" */ = {
			isa = XCConfigurationList;
			buildConfigurations = (
				B2B6E5BE27301B8100D30397 /* Debug */,
				B2B6E5BF27301B8100D30397 /* Release */,
			);
			defaultConfigurationIsVisible = 0;
			defaultConfigurationName = Release;
		};
		B2B6E5C027301B8100D30397 /* Build configuration list for PBXNativeTarget "simplyutil" */ = {
			isa = XCConfigurationList;
			buildConfigurations = (
				B2B6E5C127301B8100D30397 /* Debug */,
				B2B6E5C227301B8100D30397 /* Release */,
			);
			defaultConfigurationIsVisible = 0;
			defaultConfigurationName = Release;
		};
		B2B6E5C327301B8100D30397 /* Build configuration list for PBXNativeTarget "simplyutilTests" */ = {
			isa = XCConfigurationList;
			buildConfigurations = (
				B2B6E5C427301B8100D30397 /* Debug */,
				B2B6E5C527301B8100D30397 /* Release */,
			);
			defaultConfigurationIsVisible = 0;
			defaultConfigurationName = Release;
		};
		B2B6E5C627301B8100D30397 /* Build configuration list for PBXNativeTarget "simplyutilUITests" */ = {
			isa = XCConfigurationList;
			buildConfigurations = (
				B2B6E5C727301B8100D30397 /* Debug */,
				B2B6E5C827301B8100D30397 /* Release */,
			);
			defaultConfigurationIsVisible = 0;
			defaultConfigurationName = Release;
		};
/* End XCConfigurationList section */
	};
	rootObject = B2B6E59427301B8000D30397 /* Project object */;
}
