// !$*UTF8*$!
{
	archiveVersion = 1;
	classes = {
	};
	objectVersion = 55;
	objects = {

/* Begin PBXBuildFile section */
		B20F82AC2BB71CA400C2CBD1 /* StarView.swift in Sources */ = {isa = PBXBuildFile; fileRef = B20F82AB2BB71CA400C2CBD1 /* StarView.swift */; };
		B20F82AE2BB71D5300C2CBD1 /* GridItemView.swift in Sources */ = {isa = PBXBuildFile; fileRef = B20F82AD2BB71D5300C2CBD1 /* GridItemView.swift */; };
		B20F82B02BB71E4C00C2CBD1 /* LandmarkPhotoGallery.swift in Sources */ = {isa = PBXBuildFile; fileRef = B20F82AF2BB71E4C00C2CBD1 /* LandmarkPhotoGallery.swift */; };
		B211ABBC2BB4C7EF0083A054 /* Currency.swift in Sources */ = {isa = PBXBuildFile; fileRef = B211ABBB2BB4C7EF0083A054 /* Currency.swift */; };
		B211ABBE2BB551BE0083A054 /* ForecastView.swift in Sources */ = {isa = PBXBuildFile; fileRef = B211ABBD2BB551BE0083A054 /* ForecastView.swift */; };
		B211ABC02BB552B50083A054 /* CurrencyListView.swift in Sources */ = {isa = PBXBuildFile; fileRef = B211ABBF2BB552B50083A054 /* CurrencyListView.swift */; };
		B211ABC62BB5E42D0083A054 /* Landmark.swift in Sources */ = {isa = PBXBuildFile; fileRef = B211ABC52BB5E42D0083A054 /* Landmark.swift */; };
		B211ABC82BB5E5C90083A054 /* ModelData.swift in Sources */ = {isa = PBXBuildFile; fileRef = B211ABC72BB5E5C90083A054 /* ModelData.swift */; };
		B211ABCB2BB5E7F40083A054 /* LandmarkRow.swift in Sources */ = {isa = PBXBuildFile; fileRef = B211ABCA2BB5E7F40083A054 /* LandmarkRow.swift */; };
		B211ABCD2BB5E8710083A054 /* landmarkData.json in Resources */ = {isa = PBXBuildFile; fileRef = B211ABCC2BB5E8710083A054 /* landmarkData.json */; };
		B211ABCF2BB5EAF70083A054 /* LandmarkList.swift in Sources */ = {isa = PBXBuildFile; fileRef = B211ABCE2BB5EAF70083A054 /* LandmarkList.swift */; };
		B211ABD12BB5EBBC0083A054 /* LandmarkDetail.swift in Sources */ = {isa = PBXBuildFile; fileRef = B211ABD02BB5EBBC0083A054 /* LandmarkDetail.swift */; };
		B211ABD42BB5EC090083A054 /* CircleImage.swift in Sources */ = {isa = PBXBuildFile; fileRef = B211ABD22BB5EC090083A054 /* CircleImage.swift */; };
		B211ABD52BB5EC090083A054 /* MapView.swift in Sources */ = {isa = PBXBuildFile; fileRef = B211ABD32BB5EC090083A054 /* MapView.swift */; };
		B21DA3AF2BD2C7C900557B7A /* PaginatedView.swift in Sources */ = {isa = PBXBuildFile; fileRef = B21DA3AE2BD2C7C900557B7A /* PaginatedView.swift */; };
		B299AE2F2BAB6158009A6D8D /* WeatherDTO.swift in Sources */ = {isa = PBXBuildFile; fileRef = B299AE2E2BAB6158009A6D8D /* WeatherDTO.swift */; };
		B299AE332BACAD91009A6D8D /* AsyncButton.swift in Sources */ = {isa = PBXBuildFile; fileRef = B299AE322BACAD91009A6D8D /* AsyncButton.swift */; };
		B299AE352BACB9DA009A6D8D /* URLSessionExtensions.swift in Sources */ = {isa = PBXBuildFile; fileRef = B299AE342BACB9DA009A6D8D /* URLSessionExtensions.swift */; };
		B299AE372BACBA0E009A6D8D /* GraphQLOperation.swift in Sources */ = {isa = PBXBuildFile; fileRef = B299AE362BACBA0E009A6D8D /* GraphQLOperation.swift */; };
		B299AE392BACBA39009A6D8D /* GraphQLResult.swift in Sources */ = {isa = PBXBuildFile; fileRef = B299AE382BACBA39009A6D8D /* GraphQLResult.swift */; };
		B299AE3B2BACBA62009A6D8D /* GraphQLAPI.swift in Sources */ = {isa = PBXBuildFile; fileRef = B299AE3A2BACBA62009A6D8D /* GraphQLAPI.swift */; };
		B299AE3D2BACBD70009A6D8D /* FavoriteEntity.swift in Sources */ = {isa = PBXBuildFile; fileRef = B299AE3C2BACBD70009A6D8D /* FavoriteEntity.swift */; };
		B299AE3F2BACCD93009A6D8D /* CitiesListView.swift in Sources */ = {isa = PBXBuildFile; fileRef = B299AE3E2BACCD93009A6D8D /* CitiesListView.swift */; };
		B299AE432BAF06D6009A6D8D /* SwipableCard.swift in Sources */ = {isa = PBXBuildFile; fileRef = B299AE422BAF06D6009A6D8D /* SwipableCard.swift */; };
		B299AE492BAF21B5009A6D8D /* ForecastsDTO.swift in Sources */ = {isa = PBXBuildFile; fileRef = B299AE482BAF21B5009A6D8D /* ForecastsDTO.swift */; };
		B299AE4B2BAF2B32009A6D8D /* DateExtensions.swift in Sources */ = {isa = PBXBuildFile; fileRef = B299AE4A2BAF2B32009A6D8D /* DateExtensions.swift */; };
		B299AE4D2BB21730009A6D8D /* CustomSlider.swift in Sources */ = {isa = PBXBuildFile; fileRef = B299AE4C2BB21730009A6D8D /* CustomSlider.swift */; };
		B299AE4F2BB4A02C009A6D8D /* RateDTO.swift in Sources */ = {isa = PBXBuildFile; fileRef = B299AE4E2BB4A02C009A6D8D /* RateDTO.swift */; };
		B299AE512BB4B25F009A6D8D /* ViewExtensions.swift in Sources */ = {isa = PBXBuildFile; fileRef = B299AE502BB4B25F009A6D8D /* ViewExtensions.swift */; };
		B2AA11E42BD7E6E700478B26 /* LocationExtensions.swift in Sources */ = {isa = PBXBuildFile; fileRef = B2AA11E32BD7E6E700478B26 /* LocationExtensions.swift */; };
		B2AA11E62BD8CE6000478B26 /* LocationWeatherDTO.swift in Sources */ = {isa = PBXBuildFile; fileRef = B2AA11E52BD8CE6000478B26 /* LocationWeatherDTO.swift */; };
		B2B6E5A027301B8000D30397 /* simplyutilApp.swift in Sources */ = {isa = PBXBuildFile; fileRef = B2B6E59F27301B8000D30397 /* simplyutilApp.swift */; };
		B2B6E5A227301B8000D30397 /* ContentView.swift in Sources */ = {isa = PBXBuildFile; fileRef = B2B6E5A127301B8000D30397 /* ContentView.swift */; };
		B2B6E5A427301B8100D30397 /* Assets.xcassets in Resources */ = {isa = PBXBuildFile; fileRef = B2B6E5A327301B8100D30397 /* Assets.xcassets */; };
		B2B6E5A727301B8100D30397 /* Preview Assets.xcassets in Resources */ = {isa = PBXBuildFile; fileRef = B2B6E5A627301B8100D30397 /* Preview Assets.xcassets */; };
		B2B6E5B127301B8100D30397 /* simplyutilTests.swift in Sources */ = {isa = PBXBuildFile; fileRef = B2B6E5B027301B8100D30397 /* simplyutilTests.swift */; };
		B2B6E5BB27301B8100D30397 /* simplyutilUITests.swift in Sources */ = {isa = PBXBuildFile; fileRef = B2B6E5BA27301B8100D30397 /* simplyutilUITests.swift */; };
		B2B6E5BD27301B8100D30397 /* simplyutilUITestsLaunchTests.swift in Sources */ = {isa = PBXBuildFile; fileRef = B2B6E5BC27301B8100D30397 /* simplyutilUITestsLaunchTests.swift */; };
		B2B6E5CB27301BA700D30397 /* CityRow.swift in Sources */ = {isa = PBXBuildFile; fileRef = B2B6E5CA27301BA700D30397 /* CityRow.swift */; };
		B2C360F9273076B200CE67F5 /* CityDetailView.swift in Sources */ = {isa = PBXBuildFile; fileRef = B2C360F8273076B200CE67F5 /* CityDetailView.swift */; };
		B2C360FC273078DF00CE67F5 /* CustomTextField.swift in Sources */ = {isa = PBXBuildFile; fileRef = B2C360FB273078DF00CE67F5 /* CustomTextField.swift */; };
		B2C3610027307B7A00CE67F5 /* ForecastRowCell.swift in Sources */ = {isa = PBXBuildFile; fileRef = B2C360FF27307B7A00CE67F5 /* ForecastRowCell.swift */; };
		B2CAF9852BD9475C00DB2DA0 /* Sequence.swift in Sources */ = {isa = PBXBuildFile; fileRef = B2CAF9842BD9475C00DB2DA0 /* Sequence.swift */; };
		B2CAF9872BD96DA000DB2DA0 /* CardWeatherView.swift in Sources */ = {isa = PBXBuildFile; fileRef = B2CAF9862BD96DA000DB2DA0 /* CardWeatherView.swift */; };
		B2DBD6192BD18726008949C3 /* CitiesViewModel.swift in Sources */ = {isa = PBXBuildFile; fileRef = B2DBD6182BD18726008949C3 /* CitiesViewModel.swift */; };
		B2E46A902BAB51630032C75C /* CityDTO.swift in Sources */ = {isa = PBXBuildFile; fileRef = B2E46A8F2BAB51630032C75C /* CityDTO.swift */; };
		B2E46A942BAB527E0032C75C /* CityEntity.swift in Sources */ = {isa = PBXBuildFile; fileRef = B2E46A932BAB527E0032C75C /* CityEntity.swift */; };
		B2E46A962BAB54400032C75C /* WebService.swift in Sources */ = {isa = PBXBuildFile; fileRef = B2E46A952BAB54400032C75C /* WebService.swift */; };
		B2E6FE4B2BB867BF0061B779 /* Environment.swift in Sources */ = {isa = PBXBuildFile; fileRef = B2E6FE4A2BB867BF0061B779 /* Environment.swift */; };
		B2E6FE4E2BB87A040061B779 /* DetailedGrimItemView.swift in Sources */ = {isa = PBXBuildFile; fileRef = B2E6FE4D2BB87A040061B779 /* DetailedGrimItemView.swift */; };
/* End PBXBuildFile section */

/* Begin PBXContainerItemProxy section */
		B2B6E5AD27301B8100D30397 /* PBXContainerItemProxy */ = {
			isa = PBXContainerItemProxy;
			containerPortal = B2B6E59427301B8000D30397 /* Project object */;
			proxyType = 1;
			remoteGlobalIDString = B2B6E59B27301B8000D30397;
			remoteInfo = simplyutil;
		};
		B2B6E5B727301B8100D30397 /* PBXContainerItemProxy */ = {
			isa = PBXContainerItemProxy;
			containerPortal = B2B6E59427301B8000D30397 /* Project object */;
			proxyType = 1;
			remoteGlobalIDString = B2B6E59B27301B8000D30397;
			remoteInfo = simplyutil;
		};
/* End PBXContainerItemProxy section */

/* Begin PBXFileReference section */
		B20F82AB2BB71CA400C2CBD1 /* StarView.swift */ = {isa = PBXFileReference; lastKnownFileType = sourcecode.swift; path = StarView.swift; sourceTree = "<group>"; };
		B20F82AD2BB71D5300C2CBD1 /* GridItemView.swift */ = {isa = PBXFileReference; lastKnownFileType = sourcecode.swift; path = GridItemView.swift; sourceTree = "<group>"; };
		B20F82AF2BB71E4C00C2CBD1 /* LandmarkPhotoGallery.swift */ = {isa = PBXFileReference; lastKnownFileType = sourcecode.swift; path = LandmarkPhotoGallery.swift; sourceTree = "<group>"; };
		B211ABBB2BB4C7EF0083A054 /* Currency.swift */ = {isa = PBXFileReference; lastKnownFileType = sourcecode.swift; path = Currency.swift; sourceTree = "<group>"; };
		B211ABBD2BB551BE0083A054 /* ForecastView.swift */ = {isa = PBXFileReference; lastKnownFileType = sourcecode.swift; path = ForecastView.swift; sourceTree = "<group>"; };
		B211ABBF2BB552B50083A054 /* CurrencyListView.swift */ = {isa = PBXFileReference; lastKnownFileType = sourcecode.swift; path = CurrencyListView.swift; sourceTree = "<group>"; };
		B211ABC52BB5E42D0083A054 /* Landmark.swift */ = {isa = PBXFileReference; lastKnownFileType = sourcecode.swift; path = Landmark.swift; sourceTree = "<group>"; };
		B211ABC72BB5E5C90083A054 /* ModelData.swift */ = {isa = PBXFileReference; lastKnownFileType = sourcecode.swift; path = ModelData.swift; sourceTree = "<group>"; };
		B211ABCA2BB5E7F40083A054 /* LandmarkRow.swift */ = {isa = PBXFileReference; lastKnownFileType = sourcecode.swift; path = LandmarkRow.swift; sourceTree = "<group>"; };
		B211ABCC2BB5E8710083A054 /* landmarkData.json */ = {isa = PBXFileReference; fileEncoding = 4; lastKnownFileType = text.json; path = landmarkData.json; sourceTree = "<group>"; };
		B211ABCE2BB5EAF70083A054 /* LandmarkList.swift */ = {isa = PBXFileReference; lastKnownFileType = sourcecode.swift; path = LandmarkList.swift; sourceTree = "<group>"; };
		B211ABD02BB5EBBC0083A054 /* LandmarkDetail.swift */ = {isa = PBXFileReference; lastKnownFileType = sourcecode.swift; path = LandmarkDetail.swift; sourceTree = "<group>"; };
		B211ABD22BB5EC090083A054 /* CircleImage.swift */ = {isa = PBXFileReference; fileEncoding = 4; lastKnownFileType = sourcecode.swift; path = CircleImage.swift; sourceTree = "<group>"; };
		B211ABD32BB5EC090083A054 /* MapView.swift */ = {isa = PBXFileReference; fileEncoding = 4; lastKnownFileType = sourcecode.swift; path = MapView.swift; sourceTree = "<group>"; };
		B21DA3AE2BD2C7C900557B7A /* PaginatedView.swift */ = {isa = PBXFileReference; lastKnownFileType = sourcecode.swift; path = PaginatedView.swift; sourceTree = "<group>"; };
		B299AE2E2BAB6158009A6D8D /* WeatherDTO.swift */ = {isa = PBXFileReference; lastKnownFileType = sourcecode.swift; path = WeatherDTO.swift; sourceTree = "<group>"; };
		B299AE322BACAD91009A6D8D /* AsyncButton.swift */ = {isa = PBXFileReference; lastKnownFileType = sourcecode.swift; path = AsyncButton.swift; sourceTree = "<group>"; };
		B299AE342BACB9DA009A6D8D /* URLSessionExtensions.swift */ = {isa = PBXFileReference; lastKnownFileType = sourcecode.swift; path = URLSessionExtensions.swift; sourceTree = "<group>"; };
		B299AE362BACBA0E009A6D8D /* GraphQLOperation.swift */ = {isa = PBXFileReference; lastKnownFileType = sourcecode.swift; path = GraphQLOperation.swift; sourceTree = "<group>"; };
		B299AE382BACBA39009A6D8D /* GraphQLResult.swift */ = {isa = PBXFileReference; lastKnownFileType = sourcecode.swift; path = GraphQLResult.swift; sourceTree = "<group>"; };
		B299AE3A2BACBA62009A6D8D /* GraphQLAPI.swift */ = {isa = PBXFileReference; lastKnownFileType = sourcecode.swift; path = GraphQLAPI.swift; sourceTree = "<group>"; };
		B299AE3C2BACBD70009A6D8D /* FavoriteEntity.swift */ = {isa = PBXFileReference; lastKnownFileType = sourcecode.swift; path = FavoriteEntity.swift; sourceTree = "<group>"; };
		B299AE3E2BACCD93009A6D8D /* CitiesListView.swift */ = {isa = PBXFileReference; lastKnownFileType = sourcecode.swift; path = CitiesListView.swift; sourceTree = "<group>"; };
		B299AE422BAF06D6009A6D8D /* SwipableCard.swift */ = {isa = PBXFileReference; lastKnownFileType = sourcecode.swift; path = SwipableCard.swift; sourceTree = "<group>"; };
		B299AE482BAF21B5009A6D8D /* ForecastsDTO.swift */ = {isa = PBXFileReference; lastKnownFileType = sourcecode.swift; path = ForecastsDTO.swift; sourceTree = "<group>"; };
		B299AE4A2BAF2B32009A6D8D /* DateExtensions.swift */ = {isa = PBXFileReference; lastKnownFileType = sourcecode.swift; path = DateExtensions.swift; sourceTree = "<group>"; };
		B299AE4C2BB21730009A6D8D /* CustomSlider.swift */ = {isa = PBXFileReference; lastKnownFileType = sourcecode.swift; path = CustomSlider.swift; sourceTree = "<group>"; };
		B299AE4E2BB4A02C009A6D8D /* RateDTO.swift */ = {isa = PBXFileReference; lastKnownFileType = sourcecode.swift; path = RateDTO.swift; sourceTree = "<group>"; };
		B299AE502BB4B25F009A6D8D /* ViewExtensions.swift */ = {isa = PBXFileReference; lastKnownFileType = sourcecode.swift; path = ViewExtensions.swift; sourceTree = "<group>"; };
		B2AA11E32BD7E6E700478B26 /* LocationExtensions.swift */ = {isa = PBXFileReference; lastKnownFileType = sourcecode.swift; path = LocationExtensions.swift; sourceTree = "<group>"; };
		B2AA11E52BD8CE6000478B26 /* LocationWeatherDTO.swift */ = {isa = PBXFileReference; lastKnownFileType = sourcecode.swift; path = LocationWeatherDTO.swift; sourceTree = "<group>"; };
		B2B6E59C27301B8000D30397 /* simplyutil.app */ = {isa = PBXFileReference; explicitFileType = wrapper.application; includeInIndex = 0; path = simplyutil.app; sourceTree = BUILT_PRODUCTS_DIR; };
		B2B6E59F27301B8000D30397 /* simplyutilApp.swift */ = {isa = PBXFileReference; lastKnownFileType = sourcecode.swift; path = simplyutilApp.swift; sourceTree = "<group>"; };
		B2B6E5A127301B8000D30397 /* ContentView.swift */ = {isa = PBXFileReference; lastKnownFileType = sourcecode.swift; path = ContentView.swift; sourceTree = "<group>"; };
		B2B6E5A327301B8100D30397 /* Assets.xcassets */ = {isa = PBXFileReference; lastKnownFileType = folder.assetcatalog; path = Assets.xcassets; sourceTree = "<group>"; };
		B2B6E5A627301B8100D30397 /* Preview Assets.xcassets */ = {isa = PBXFileReference; lastKnownFileType = folder.assetcatalog; path = "Preview Assets.xcassets"; sourceTree = "<group>"; };
		B2B6E5AC27301B8100D30397 /* simplyutilTests.xctest */ = {isa = PBXFileReference; explicitFileType = wrapper.cfbundle; includeInIndex = 0; path = simplyutilTests.xctest; sourceTree = BUILT_PRODUCTS_DIR; };
		B2B6E5B027301B8100D30397 /* simplyutilTests.swift */ = {isa = PBXFileReference; lastKnownFileType = sourcecode.swift; path = simplyutilTests.swift; sourceTree = "<group>"; };
		B2B6E5B627301B8100D30397 /* simplyutilUITests.xctest */ = {isa = PBXFileReference; explicitFileType = wrapper.cfbundle; includeInIndex = 0; path = simplyutilUITests.xctest; sourceTree = BUILT_PRODUCTS_DIR; };
		B2B6E5BA27301B8100D30397 /* simplyutilUITests.swift */ = {isa = PBXFileReference; lastKnownFileType = sourcecode.swift; path = simplyutilUITests.swift; sourceTree = "<group>"; };
		B2B6E5BC27301B8100D30397 /* simplyutilUITestsLaunchTests.swift */ = {isa = PBXFileReference; lastKnownFileType = sourcecode.swift; path = simplyutilUITestsLaunchTests.swift; sourceTree = "<group>"; };
		B2B6E5CA27301BA700D30397 /* CityRow.swift */ = {isa = PBXFileReference; lastKnownFileType = sourcecode.swift; path = CityRow.swift; sourceTree = "<group>"; };
		B2C360F8273076B200CE67F5 /* CityDetailView.swift */ = {isa = PBXFileReference; lastKnownFileType = sourcecode.swift; path = CityDetailView.swift; sourceTree = "<group>"; };
		B2C360FB273078DF00CE67F5 /* CustomTextField.swift */ = {isa = PBXFileReference; lastKnownFileType = sourcecode.swift; path = CustomTextField.swift; sourceTree = "<group>"; };
		B2C360FF27307B7A00CE67F5 /* ForecastRowCell.swift */ = {isa = PBXFileReference; fileEncoding = 4; lastKnownFileType = sourcecode.swift; path = ForecastRowCell.swift; sourceTree = "<group>"; };
		B2CAF9842BD9475C00DB2DA0 /* Sequence.swift */ = {isa = PBXFileReference; lastKnownFileType = sourcecode.swift; path = Sequence.swift; sourceTree = "<group>"; };
		B2CAF9862BD96DA000DB2DA0 /* CardWeatherView.swift */ = {isa = PBXFileReference; lastKnownFileType = sourcecode.swift; path = CardWeatherView.swift; sourceTree = "<group>"; };
		B2DBD6182BD18726008949C3 /* CitiesViewModel.swift */ = {isa = PBXFileReference; lastKnownFileType = sourcecode.swift; path = CitiesViewModel.swift; sourceTree = "<group>"; };
		B2E46A8F2BAB51630032C75C /* CityDTO.swift */ = {isa = PBXFileReference; lastKnownFileType = sourcecode.swift; path = CityDTO.swift; sourceTree = "<group>"; };
		B2E46A932BAB527E0032C75C /* CityEntity.swift */ = {isa = PBXFileReference; lastKnownFileType = sourcecode.swift; path = CityEntity.swift; sourceTree = "<group>"; };
		B2E46A952BAB54400032C75C /* WebService.swift */ = {isa = PBXFileReference; lastKnownFileType = sourcecode.swift; path = WebService.swift; sourceTree = "<group>"; };
		B2E6FE492BB866C30061B779 /* AppConfig.xcconfig */ = {isa = PBXFileReference; lastKnownFileType = text.xcconfig; path = AppConfig.xcconfig; sourceTree = "<group>"; };
		B2E6FE4A2BB867BF0061B779 /* Environment.swift */ = {isa = PBXFileReference; lastKnownFileType = sourcecode.swift; path = Environment.swift; sourceTree = "<group>"; };
		B2E6FE4C2BB869170061B779 /* Info.plist */ = {isa = PBXFileReference; lastKnownFileType = text.plist; path = Info.plist; sourceTree = "<group>"; };
		B2E6FE4D2BB87A040061B779 /* DetailedGrimItemView.swift */ = {isa = PBXFileReference; lastKnownFileType = sourcecode.swift; path = DetailedGrimItemView.swift; sourceTree = "<group>"; };
/* End PBXFileReference section */

/* Begin PBXFrameworksBuildPhase section */
		B2B6E59927301B8000D30397 /* Frameworks */ = {
			isa = PBXFrameworksBuildPhase;
			buildActionMask = 2147483647;
			files = (
			);
			runOnlyForDeploymentPostprocessing = 0;
		};
		B2B6E5A927301B8100D30397 /* Frameworks */ = {
			isa = PBXFrameworksBuildPhase;
			buildActionMask = 2147483647;
			files = (
			);
			runOnlyForDeploymentPostprocessing = 0;
		};
		B2B6E5B327301B8100D30397 /* Frameworks */ = {
			isa = PBXFrameworksBuildPhase;
			buildActionMask = 2147483647;
			files = (
			);
			runOnlyForDeploymentPostprocessing = 0;
		};
/* End PBXFrameworksBuildPhase section */

/* Begin PBXGroup section */
		B211ABC92BB5E7E40083A054 /* Landmarks */ = {
			isa = PBXGroup;
			children = (
				B211ABD22BB5EC090083A054 /* CircleImage.swift */,
				B211ABD32BB5EC090083A054 /* MapView.swift */,
				B211ABCA2BB5E7F40083A054 /* LandmarkRow.swift */,
				B211ABCE2BB5EAF70083A054 /* LandmarkList.swift */,
				B211ABD02BB5EBBC0083A054 /* LandmarkDetail.swift */,
				B20F82AD2BB71D5300C2CBD1 /* GridItemView.swift */,
				B20F82AF2BB71E4C00C2CBD1 /* LandmarkPhotoGallery.swift */,
				B2E6FE4D2BB87A040061B779 /* DetailedGrimItemView.swift */,
			);
			path = Landmarks;
			sourceTree = "<group>";
		};
		B2757CBB2737D877003A5CB5 /* Utilities */ = {
			isa = PBXGroup;
			children = (
				B299AE342BACB9DA009A6D8D /* URLSessionExtensions.swift */,
				B299AE362BACBA0E009A6D8D /* GraphQLOperation.swift */,
				B299AE382BACBA39009A6D8D /* GraphQLResult.swift */,
				B299AE3A2BACBA62009A6D8D /* GraphQLAPI.swift */,
				B299AE4A2BAF2B32009A6D8D /* DateExtensions.swift */,
				B299AE502BB4B25F009A6D8D /* ViewExtensions.swift */,
				B211ABBB2BB4C7EF0083A054 /* Currency.swift */,
				B2AA11E32BD7E6E700478B26 /* LocationExtensions.swift */,
				B2CAF9842BD9475C00DB2DA0 /* Sequence.swift */,
			);
			path = Utilities;
			sourceTree = "<group>";
		};
		B284104E27312ABF00EDA7D3 /* Persistance */ = {
			isa = PBXGroup;
			children = (
				B2E46A952BAB54400032C75C /* WebService.swift */,
			);
			path = Persistance;
			sourceTree = "<group>";
		};
		B2B6E59327301B8000D30397 = {
			isa = PBXGroup;
			children = (
				B2B6E59E27301B8000D30397 /* simplyutil */,
				B2B6E5AF27301B8100D30397 /* simplyutilTests */,
				B2B6E5B927301B8100D30397 /* simplyutilUITests */,
				B2B6E59D27301B8000D30397 /* Products */,
			);
			sourceTree = "<group>";
		};
		B2B6E59D27301B8000D30397 /* Products */ = {
			isa = PBXGroup;
			children = (
				B2B6E59C27301B8000D30397 /* simplyutil.app */,
				B2B6E5AC27301B8100D30397 /* simplyutilTests.xctest */,
				B2B6E5B627301B8100D30397 /* simplyutilUITests.xctest */,
			);
			name = Products;
			sourceTree = "<group>";
		};
		B2B6E59E27301B8000D30397 /* simplyutil */ = {
			isa = PBXGroup;
			children = (
				B2DBD6172BD1870B008949C3 /* ViewModels */,
				B2E6FE4C2BB869170061B779 /* Info.plist */,
				B2757CBB2737D877003A5CB5 /* Utilities */,
				B284104E27312ABF00EDA7D3 /* Persistance */,
				B2C360FA273078C300CE67F5 /* Helpers */,
				B2C360F327302C5800CE67F5 /* models */,
				B2B6E5C927301B9400D30397 /* views */,
				B2B6E59F27301B8000D30397 /* simplyutilApp.swift */,
				B2B6E5A127301B8000D30397 /* ContentView.swift */,
				B211ABCC2BB5E8710083A054 /* landmarkData.json */,
				B2B6E5A327301B8100D30397 /* Assets.xcassets */,
				B2B6E5A527301B8100D30397 /* Preview Content */,
				B2E6FE492BB866C30061B779 /* AppConfig.xcconfig */,
				B2E6FE4A2BB867BF0061B779 /* Environment.swift */,
			);
			path = simplyutil;
			sourceTree = "<group>";
		};
		B2B6E5A527301B8100D30397 /* Preview Content */ = {
			isa = PBXGroup;
			children = (
				B2B6E5A627301B8100D30397 /* Preview Assets.xcassets */,
			);
			path = "Preview Content";
			sourceTree = "<group>";
		};
		B2B6E5AF27301B8100D30397 /* simplyutilTests */ = {
			isa = PBXGroup;
			children = (
				B2B6E5B027301B8100D30397 /* simplyutilTests.swift */,
			);
			path = simplyutilTests;
			sourceTree = "<group>";
		};
		B2B6E5B927301B8100D30397 /* simplyutilUITests */ = {
			isa = PBXGroup;
			children = (
				B2B6E5BA27301B8100D30397 /* simplyutilUITests.swift */,
				B2B6E5BC27301B8100D30397 /* simplyutilUITestsLaunchTests.swift */,
			);
			path = simplyutilUITests;
			sourceTree = "<group>";
		};
		B2B6E5C927301B9400D30397 /* views */ = {
			isa = PBXGroup;
			children = (
				B211ABC92BB5E7E40083A054 /* Landmarks */,
				B2C360FF27307B7A00CE67F5 /* ForecastRowCell.swift */,
				B2B6E5CA27301BA700D30397 /* CityRow.swift */,
				B2C360F8273076B200CE67F5 /* CityDetailView.swift */,
				B299AE3E2BACCD93009A6D8D /* CitiesListView.swift */,
				B299AE422BAF06D6009A6D8D /* SwipableCard.swift */,
				B211ABBD2BB551BE0083A054 /* ForecastView.swift */,
				B211ABBF2BB552B50083A054 /* CurrencyListView.swift */,
				B2CAF9862BD96DA000DB2DA0 /* CardWeatherView.swift */,
			);
			path = views;
			sourceTree = "<group>";
		};
		B2C360F327302C5800CE67F5 /* models */ = {
			isa = PBXGroup;
			children = (
				B2E46A8F2BAB51630032C75C /* CityDTO.swift */,
				B2E46A932BAB527E0032C75C /* CityEntity.swift */,
				B299AE2E2BAB6158009A6D8D /* WeatherDTO.swift */,
				B299AE3C2BACBD70009A6D8D /* FavoriteEntity.swift */,
				B299AE482BAF21B5009A6D8D /* ForecastsDTO.swift */,
				B299AE4E2BB4A02C009A6D8D /* RateDTO.swift */,
				B211ABC52BB5E42D0083A054 /* Landmark.swift */,
				B211ABC72BB5E5C90083A054 /* ModelData.swift */,
				B2AA11E52BD8CE6000478B26 /* LocationWeatherDTO.swift */,
			);
			path = models;
			sourceTree = "<group>";
		};
		B2C360FA273078C300CE67F5 /* Helpers */ = {
			isa = PBXGroup;
			children = (
				B2C360FB273078DF00CE67F5 /* CustomTextField.swift */,
				B299AE322BACAD91009A6D8D /* AsyncButton.swift */,
				B299AE4C2BB21730009A6D8D /* CustomSlider.swift */,
				B20F82AB2BB71CA400C2CBD1 /* StarView.swift */,
				B21DA3AE2BD2C7C900557B7A /* PaginatedView.swift */,
			);
			path = Helpers;
			sourceTree = "<group>";
		};
		B2DBD6172BD1870B008949C3 /* ViewModels */ = {
			isa = PBXGroup;
			children = (
				B2DBD6182BD18726008949C3 /* CitiesViewModel.swift */,
			);
			path = ViewModels;
			sourceTree = "<group>";
		};
/* End PBXGroup section */

/* Begin PBXNativeTarget section */
		B2B6E59B27301B8000D30397 /* simplyutil */ = {
			isa = PBXNativeTarget;
			buildConfigurationList = B2B6E5C027301B8100D30397 /* Build configuration list for PBXNativeTarget "simplyutil" */;
			buildPhases = (
				B2B6E59827301B8000D30397 /* Sources */,
				B2B6E59927301B8000D30397 /* Frameworks */,
				B2B6E59A27301B8000D30397 /* Resources */,
			);
			buildRules = (
			);
			dependencies = (
			);
			name = simplyutil;
			productName = simplyutil;
			productReference = B2B6E59C27301B8000D30397 /* simplyutil.app */;
			productType = "com.apple.product-type.application";
		};
		B2B6E5AB27301B8100D30397 /* simplyutilTests */ = {
			isa = PBXNativeTarget;
			buildConfigurationList = B2B6E5C327301B8100D30397 /* Build configuration list for PBXNativeTarget "simplyutilTests" */;
			buildPhases = (
				B2B6E5A827301B8100D30397 /* Sources */,
				B2B6E5A927301B8100D30397 /* Frameworks */,
				B2B6E5AA27301B8100D30397 /* Resources */,
			);
			buildRules = (
			);
			dependencies = (
				B2B6E5AE27301B8100D30397 /* PBXTargetDependency */,
			);
			name = simplyutilTests;
			productName = simplyutilTests;
			productReference = B2B6E5AC27301B8100D30397 /* simplyutilTests.xctest */;
			productType = "com.apple.product-type.bundle.unit-test";
		};
		B2B6E5B527301B8100D30397 /* simplyutilUITests */ = {
			isa = PBXNativeTarget;
			buildConfigurationList = B2B6E5C627301B8100D30397 /* Build configuration list for PBXNativeTarget "simplyutilUITests" */;
			buildPhases = (
				B2B6E5B227301B8100D30397 /* Sources */,
				B2B6E5B327301B8100D30397 /* Frameworks */,
				B2B6E5B427301B8100D30397 /* Resources */,
			);
			buildRules = (
			);
			dependencies = (
				B2B6E5B827301B8100D30397 /* PBXTargetDependency */,
			);
			name = simplyutilUITests;
			productName = simplyutilUITests;
			productReference = B2B6E5B627301B8100D30397 /* simplyutilUITests.xctest */;
			productType = "com.apple.product-type.bundle.ui-testing";
		};
/* End PBXNativeTarget section */

/* Begin PBXProject section */
		B2B6E59427301B8000D30397 /* Project object */ = {
			isa = PBXProject;
			attributes = {
				BuildIndependentTargetsInParallel = 1;
				LastSwiftUpdateCheck = 1310;
				LastUpgradeCheck = 1530;
				TargetAttributes = {
					B2B6E59B27301B8000D30397 = {
						CreatedOnToolsVersion = 13.1;
					};
					B2B6E5AB27301B8100D30397 = {
						CreatedOnToolsVersion = 13.1;
						TestTargetID = B2B6E59B27301B8000D30397;
					};
					B2B6E5B527301B8100D30397 = {
						CreatedOnToolsVersion = 13.1;
						TestTargetID = B2B6E59B27301B8000D30397;
					};
				};
			};
			buildConfigurationList = B2B6E59727301B8000D30397 /* Build configuration list for PBXProject "simplyutil" */;
			compatibilityVersion = "Xcode 13.0";
			developmentRegion = en;
			hasScannedForEncodings = 0;
			knownRegions = (
				en,
				Base,
			);
			mainGroup = B2B6E59327301B8000D30397;
			productRefGroup = B2B6E59D27301B8000D30397 /* Products */;
			projectDirPath = "";
			projectRoot = "";
			targets = (
				B2B6E59B27301B8000D30397 /* simplyutil */,
				B2B6E5AB27301B8100D30397 /* simplyutilTests */,
				B2B6E5B527301B8100D30397 /* simplyutilUITests */,
			);
		};
/* End PBXProject section */

/* Begin PBXResourcesBuildPhase section */
		B2B6E59A27301B8000D30397 /* Resources */ = {
			isa = PBXResourcesBuildPhase;
			buildActionMask = 2147483647;
			files = (
				B2B6E5A727301B8100D30397 /* Preview Assets.xcassets in Resources */,
				B2B6E5A427301B8100D30397 /* Assets.xcassets in Resources */,
				B211ABCD2BB5E8710083A054 /* landmarkData.json in Resources */,
			);
			runOnlyForDeploymentPostprocessing = 0;
		};
		B2B6E5AA27301B8100D30397 /* Resources */ = {
			isa = PBXResourcesBuildPhase;
			buildActionMask = 2147483647;
			files = (
			);
			runOnlyForDeploymentPostprocessing = 0;
		};
		B2B6E5B427301B8100D30397 /* Resources */ = {
			isa = PBXResourcesBuildPhase;
			buildActionMask = 2147483647;
			files = (
			);
			runOnlyForDeploymentPostprocessing = 0;
		};
/* End PBXResourcesBuildPhase section */

/* Begin PBXSourcesBuildPhase section */
		B2B6E59827301B8000D30397 /* Sources */ = {
			isa = PBXSourcesBuildPhase;
			buildActionMask = 2147483647;
			files = (
				B2C360FC273078DF00CE67F5 /* CustomTextField.swift in Sources */,
				B2AA11E62BD8CE6000478B26 /* LocationWeatherDTO.swift in Sources */,
				B299AE352BACB9DA009A6D8D /* URLSessionExtensions.swift in Sources */,
				B299AE372BACBA0E009A6D8D /* GraphQLOperation.swift in Sources */,
				B2E6FE4E2BB87A040061B779 /* DetailedGrimItemView.swift in Sources */,
				B299AE3B2BACBA62009A6D8D /* GraphQLAPI.swift in Sources */,
				B211ABD12BB5EBBC0083A054 /* LandmarkDetail.swift in Sources */,
				B211ABBC2BB4C7EF0083A054 /* Currency.swift in Sources */,
				B299AE392BACBA39009A6D8D /* GraphQLResult.swift in Sources */,
				B2DBD6192BD18726008949C3 /* CitiesViewModel.swift in Sources */,
				B211ABC02BB552B50083A054 /* CurrencyListView.swift in Sources */,
				B299AE492BAF21B5009A6D8D /* ForecastsDTO.swift in Sources */,
				B299AE2F2BAB6158009A6D8D /* WeatherDTO.swift in Sources */,
				B211ABD42BB5EC090083A054 /* CircleImage.swift in Sources */,
				B2B6E5A227301B8000D30397 /* ContentView.swift in Sources */,
				B299AE512BB4B25F009A6D8D /* ViewExtensions.swift in Sources */,
				B2B6E5CB27301BA700D30397 /* CityRow.swift in Sources */,
				B20F82AC2BB71CA400C2CBD1 /* StarView.swift in Sources */,
				B211ABD52BB5EC090083A054 /* MapView.swift in Sources */,
				B299AE332BACAD91009A6D8D /* AsyncButton.swift in Sources */,
				B2B6E5A027301B8000D30397 /* simplyutilApp.swift in Sources */,
				B2E46A902BAB51630032C75C /* CityDTO.swift in Sources */,
				B2C360F9273076B200CE67F5 /* CityDetailView.swift in Sources */,
				B2E46A962BAB54400032C75C /* WebService.swift in Sources */,
				B211ABCB2BB5E7F40083A054 /* LandmarkRow.swift in Sources */,
				B2C3610027307B7A00CE67F5 /* ForecastRowCell.swift in Sources */,
				B211ABC62BB5E42D0083A054 /* Landmark.swift in Sources */,
				B2CAF9852BD9475C00DB2DA0 /* Sequence.swift in Sources */,
				B2E46A942BAB527E0032C75C /* CityEntity.swift in Sources */,
				B299AE4D2BB21730009A6D8D /* CustomSlider.swift in Sources */,
				B211ABCF2BB5EAF70083A054 /* LandmarkList.swift in Sources */,
				B20F82AE2BB71D5300C2CBD1 /* GridItemView.swift in Sources */,
				B2AA11E42BD7E6E700478B26 /* LocationExtensions.swift in Sources */,
				B211ABBE2BB551BE0083A054 /* ForecastView.swift in Sources */,
				B2E6FE4B2BB867BF0061B779 /* Environment.swift in Sources */,
				B299AE3D2BACBD70009A6D8D /* FavoriteEntity.swift in Sources */,
				B2CAF9872BD96DA000DB2DA0 /* CardWeatherView.swift in Sources */,
				B299AE4B2BAF2B32009A6D8D /* DateExtensions.swift in Sources */,
				B21DA3AF2BD2C7C900557B7A /* PaginatedView.swift in Sources */,
				B299AE432BAF06D6009A6D8D /* SwipableCard.swift in Sources */,
				B211ABC82BB5E5C90083A054 /* ModelData.swift in Sources */,
				B20F82B02BB71E4C00C2CBD1 /* LandmarkPhotoGallery.swift in Sources */,
				B299AE3F2BACCD93009A6D8D /* CitiesListView.swift in Sources */,
				B299AE4F2BB4A02C009A6D8D /* RateDTO.swift in Sources */,
			);
			runOnlyForDeploymentPostprocessing = 0;
		};
		B2B6E5A827301B8100D30397 /* Sources */ = {
			isa = PBXSourcesBuildPhase;
			buildActionMask = 2147483647;
			files = (
				B2B6E5B127301B8100D30397 /* simplyutilTests.swift in Sources */,
			);
			runOnlyForDeploymentPostprocessing = 0;
		};
		B2B6E5B227301B8100D30397 /* Sources */ = {
			isa = PBXSourcesBuildPhase;
			buildActionMask = 2147483647;
			files = (
				B2B6E5BD27301B8100D30397 /* simplyutilUITestsLaunchTests.swift in Sources */,
				B2B6E5BB27301B8100D30397 /* simplyutilUITests.swift in Sources */,
			);
			runOnlyForDeploymentPostprocessing = 0;
		};
/* End PBXSourcesBuildPhase section */

/* Begin PBXTargetDependency section */
		B2B6E5AE27301B8100D30397 /* PBXTargetDependency */ = {
			isa = PBXTargetDependency;
			target = B2B6E59B27301B8000D30397 /* simplyutil */;
			targetProxy = B2B6E5AD27301B8100D30397 /* PBXContainerItemProxy */;
		};
		B2B6E5B827301B8100D30397 /* PBXTargetDependency */ = {
			isa = PBXTargetDependency;
			target = B2B6E59B27301B8000D30397 /* simplyutil */;
			targetProxy = B2B6E5B727301B8100D30397 /* PBXContainerItemProxy */;
		};
/* End PBXTargetDependency section */

/* Begin XCBuildConfiguration section */
		B2B6E5BE27301B8100D30397 /* Debug */ = {
			isa = XCBuildConfiguration;
			buildSettings = {
				ALWAYS_SEARCH_USER_PATHS = NO;
				ASSETCATALOG_COMPILER_GENERATE_SWIFT_ASSET_SYMBOL_EXTENSIONS = YES;
				CLANG_ANALYZER_NONNULL = YES;
				CLANG_ANALYZER_NUMBER_OBJECT_CONVERSION = YES_AGGRESSIVE;
				CLANG_CXX_LANGUAGE_STANDARD = "gnu++17";
				CLANG_CXX_LIBRARY = "libc++";
				CLANG_ENABLE_MODULES = YES;
				CLANG_ENABLE_OBJC_ARC = YES;
				CLANG_ENABLE_OBJC_WEAK = YES;
				CLANG_WARN_BLOCK_CAPTURE_AUTORELEASING = YES;
				CLANG_WARN_BOOL_CONVERSION = YES;
				CLANG_WARN_COMMA = YES;
				CLANG_WARN_CONSTANT_CONVERSION = YES;
				CLANG_WARN_DEPRECATED_OBJC_IMPLEMENTATIONS = YES;
				CLANG_WARN_DIRECT_OBJC_ISA_USAGE = YES_ERROR;
				CLANG_WARN_DOCUMENTATION_COMMENTS = YES;
				CLANG_WARN_EMPTY_BODY = YES;
				CLANG_WARN_ENUM_CONVERSION = YES;
				CLANG_WARN_INFINITE_RECURSION = YES;
				CLANG_WARN_INT_CONVERSION = YES;
				CLANG_WARN_NON_LITERAL_NULL_CONVERSION = YES;
				CLANG_WARN_OBJC_IMPLICIT_RETAIN_SELF = YES;
				CLANG_WARN_OBJC_LITERAL_CONVERSION = YES;
				CLANG_WARN_OBJC_ROOT_CLASS = YES_ERROR;
				CLANG_WARN_QUOTED_INCLUDE_IN_FRAMEWORK_HEADER = YES;
				CLANG_WARN_RANGE_LOOP_ANALYSIS = YES;
				CLANG_WARN_STRICT_PROTOTYPES = YES;
				CLANG_WARN_SUSPICIOUS_MOVE = YES;
				CLANG_WARN_UNGUARDED_AVAILABILITY = YES_AGGRESSIVE;
				CLANG_WARN_UNREACHABLE_CODE = YES;
				CLANG_WARN__DUPLICATE_METHOD_MATCH = YES;
				COPY_PHASE_STRIP = NO;
				DEBUG_INFORMATION_FORMAT = dwarf;
				ENABLE_STRICT_OBJC_MSGSEND = YES;
				ENABLE_TESTABILITY = YES;
				ENABLE_USER_SCRIPT_SANDBOXING = YES;
				GCC_C_LANGUAGE_STANDARD = gnu11;
				GCC_DYNAMIC_NO_PIC = NO;
				GCC_NO_COMMON_BLOCKS = YES;
				GCC_OPTIMIZATION_LEVEL = 0;
				GCC_PREPROCESSOR_DEFINITIONS = (
					"DEBUG=1",
					"$(inherited)",
				);
				GCC_WARN_64_TO_32_BIT_CONVERSION = YES;
				GCC_WARN_ABOUT_RETURN_TYPE = YES_ERROR;
				GCC_WARN_UNDECLARED_SELECTOR = YES;
				GCC_WARN_UNINITIALIZED_AUTOS = YES_AGGRESSIVE;
				GCC_WARN_UNUSED_FUNCTION = YES;
				GCC_WARN_UNUSED_VARIABLE = YES;
				IPHONEOS_DEPLOYMENT_TARGET = 17.0;
				MTL_ENABLE_DEBUG_INFO = INCLUDE_SOURCE;
				MTL_FAST_MATH = YES;
				ONLY_ACTIVE_ARCH = YES;
				SDKROOT = iphoneos;
				SWIFT_ACTIVE_COMPILATION_CONDITIONS = DEBUG;
				SWIFT_OPTIMIZATION_LEVEL = "-Onone";
			};
			name = Debug;
		};
		B2B6E5BF27301B8100D30397 /* Release */ = {
			isa = XCBuildConfiguration;
			buildSettings = {
				ALWAYS_SEARCH_USER_PATHS = NO;
				ASSETCATALOG_COMPILER_GENERATE_SWIFT_ASSET_SYMBOL_EXTENSIONS = YES;
				CLANG_ANALYZER_NONNULL = YES;
				CLANG_ANALYZER_NUMBER_OBJECT_CONVERSION = YES_AGGRESSIVE;
				CLANG_CXX_LANGUAGE_STANDARD = "gnu++17";
				CLANG_CXX_LIBRARY = "libc++";
				CLANG_ENABLE_MODULES = YES;
				CLANG_ENABLE_OBJC_ARC = YES;
				CLANG_ENABLE_OBJC_WEAK = YES;
				CLANG_WARN_BLOCK_CAPTURE_AUTORELEASING = YES;
				CLANG_WARN_BOOL_CONVERSION = YES;
				CLANG_WARN_COMMA = YES;
				CLANG_WARN_CONSTANT_CONVERSION = YES;
				CLANG_WARN_DEPRECATED_OBJC_IMPLEMENTATIONS = YES;
				CLANG_WARN_DIRECT_OBJC_ISA_USAGE = YES_ERROR;
				CLANG_WARN_DOCUMENTATION_COMMENTS = YES;
				CLANG_WARN_EMPTY_BODY = YES;
				CLANG_WARN_ENUM_CONVERSION = YES;
				CLANG_WARN_INFINITE_RECURSION = YES;
				CLANG_WARN_INT_CONVERSION = YES;
				CLANG_WARN_NON_LITERAL_NULL_CONVERSION = YES;
				CLANG_WARN_OBJC_IMPLICIT_RETAIN_SELF = YES;
				CLANG_WARN_OBJC_LITERAL_CONVERSION = YES;
				CLANG_WARN_OBJC_ROOT_CLASS = YES_ERROR;
				CLANG_WARN_QUOTED_INCLUDE_IN_FRAMEWORK_HEADER = YES;
				CLANG_WARN_RANGE_LOOP_ANALYSIS = YES;
				CLANG_WARN_STRICT_PROTOTYPES = YES;
				CLANG_WARN_SUSPICIOUS_MOVE = YES;
				CLANG_WARN_UNGUARDED_AVAILABILITY = YES_AGGRESSIVE;
				CLANG_WARN_UNREACHABLE_CODE = YES;
				CLANG_WARN__DUPLICATE_METHOD_MATCH = YES;
				COPY_PHASE_STRIP = NO;
				DEBUG_INFORMATION_FORMAT = "dwarf-with-dsym";
				ENABLE_NS_ASSERTIONS = NO;
				ENABLE_STRICT_OBJC_MSGSEND = YES;
				ENABLE_USER_SCRIPT_SANDBOXING = YES;
				GCC_C_LANGUAGE_STANDARD = gnu11;
				GCC_NO_COMMON_BLOCKS = YES;
				GCC_WARN_64_TO_32_BIT_CONVERSION = YES;
				GCC_WARN_ABOUT_RETURN_TYPE = YES_ERROR;
				GCC_WARN_UNDECLARED_SELECTOR = YES;
				GCC_WARN_UNINITIALIZED_AUTOS = YES_AGGRESSIVE;
				GCC_WARN_UNUSED_FUNCTION = YES;
				GCC_WARN_UNUSED_VARIABLE = YES;
				IPHONEOS_DEPLOYMENT_TARGET = 17.0;
				MTL_ENABLE_DEBUG_INFO = NO;
				MTL_FAST_MATH = YES;
				SDKROOT = iphoneos;
				SWIFT_COMPILATION_MODE = wholemodule;
				SWIFT_OPTIMIZATION_LEVEL = "-O";
				VALIDATE_PRODUCT = YES;
			};
			name = Release;
		};
		B2B6E5C127301B8100D30397 /* Debug */ = {
			isa = XCBuildConfiguration;
			baseConfigurationReference = B2E6FE492BB866C30061B779 /* AppConfig.xcconfig */;
			buildSettings = {
				ASSETCATALOG_COMPILER_APPICON_NAME = AppIcon;
				ASSETCATALOG_COMPILER_GLOBAL_ACCENT_COLOR_NAME = AccentColor;
				CODE_SIGN_STYLE = Automatic;
				CURRENT_PROJECT_VERSION = 1;
				DEVELOPMENT_ASSET_PATHS = "\"simplyutil/Preview Content\"";
				DEVELOPMENT_TEAM = XJ6N6JRED2;
				ENABLE_PREVIEWS = YES;
				GENERATE_INFOPLIST_FILE = YES;
				INFOPLIST_FILE = simplyutil/Info.plist;
				INFOPLIST_KEY_CFBundleDisplayName = "Trip Master";
				INFOPLIST_KEY_UIApplicationSceneManifest_Generation = YES;
				INFOPLIST_KEY_UIApplicationSupportsIndirectInputEvents = YES;
				INFOPLIST_KEY_UILaunchScreen_Generation = YES;
				INFOPLIST_KEY_UISupportedInterfaceOrientations_iPad = "UIInterfaceOrientationPortrait UIInterfaceOrientationPortraitUpsideDown UIInterfaceOrientationLandscapeLeft UIInterfaceOrientationLandscapeRight";
				INFOPLIST_KEY_UISupportedInterfaceOrientations_iPhone = "UIInterfaceOrientationPortrait UIInterfaceOrientationLandscapeLeft UIInterfaceOrientationLandscapeRight";
				IPHONEOS_DEPLOYMENT_TARGET = 17.0;
				LD_RUNPATH_SEARCH_PATHS = (
					"$(inherited)",
					"@executable_path/Frameworks",
				);
				MARKETING_VERSION = 1.0;
				PRODUCT_BUNDLE_IDENTIFIER = com.shapiraomri.simplyutil;
				PRODUCT_NAME = "$(TARGET_NAME)";
				SWIFT_EMIT_LOC_STRINGS = YES;
				SWIFT_VERSION = 5.0;
				TARGETED_DEVICE_FAMILY = "1,2";
			};
			name = Debug;
		};
		B2B6E5C227301B8100D30397 /* Release */ = {
			isa = XCBuildConfiguration;
			baseConfigurationReference = B2E6FE492BB866C30061B779 /* AppConfig.xcconfig */;
			buildSettings = {
				ASSETCATALOG_COMPILER_APPICON_NAME = AppIcon;
				ASSETCATALOG_COMPILER_GLOBAL_ACCENT_COLOR_NAME = AccentColor;
				CODE_SIGN_STYLE = Automatic;
				CURRENT_PROJECT_VERSION = 1;
				DEVELOPMENT_ASSET_PATHS = "\"simplyutil/Preview Content\"";
				DEVELOPMENT_TEAM = XJ6N6JRED2;
				ENABLE_PREVIEWS = YES;
				GENERATE_INFOPLIST_FILE = YES;
				INFOPLIST_FILE = simplyutil/Info.plist;
				INFOPLIST_KEY_CFBundleDisplayName = "Trip Master";
				INFOPLIST_KEY_UIApplicationSceneManifest_Generation = YES;
				INFOPLIST_KEY_UIApplicationSupportsIndirectInputEvents = YES;
				INFOPLIST_KEY_UILaunchScreen_Generation = YES;
				INFOPLIST_KEY_UISupportedInterfaceOrientations_iPad = "UIInterfaceOrientationPortrait UIInterfaceOrientationPortraitUpsideDown UIInterfaceOrientationLandscapeLeft UIInterfaceOrientationLandscapeRight";
				INFOPLIST_KEY_UISupportedInterfaceOrientations_iPhone = "UIInterfaceOrientationPortrait UIInterfaceOrientationLandscapeLeft UIInterfaceOrientationLandscapeRight";
				IPHONEOS_DEPLOYMENT_TARGET = 17.0;
				LD_RUNPATH_SEARCH_PATHS = (
					"$(inherited)",
					"@executable_path/Frameworks",
				);
				MARKETING_VERSION = 1.0;
				PRODUCT_BUNDLE_IDENTIFIER = com.shapiraomri.simplyutil;
				PRODUCT_NAME = "$(TARGET_NAME)";
				SWIFT_EMIT_LOC_STRINGS = YES;
				SWIFT_VERSION = 5.0;
				TARGETED_DEVICE_FAMILY = "1,2";
			};
			name = Release;
		};
		B2B6E5C427301B8100D30397 /* Debug */ = {
			isa = XCBuildConfiguration;
			buildSettings = {
				ALWAYS_EMBED_SWIFT_STANDARD_LIBRARIES = YES;
				BUNDLE_LOADER = "$(TEST_HOST)";
				CODE_SIGN_STYLE = Automatic;
				CURRENT_PROJECT_VERSION = 1;
				DEVELOPMENT_TEAM = XJ6N6JRED2;
				GENERATE_INFOPLIST_FILE = YES;
				IPHONEOS_DEPLOYMENT_TARGET = 17.0;
				LD_RUNPATH_SEARCH_PATHS = (
					"$(inherited)",
					"@executable_path/Frameworks",
					"@loader_path/Frameworks",
				);
				MARKETING_VERSION = 1.0;
				PRODUCT_BUNDLE_IDENTIFIER = com.shapiraomri.simplyutilTests;
				PRODUCT_NAME = "$(TARGET_NAME)";
				SWIFT_EMIT_LOC_STRINGS = NO;
				SWIFT_VERSION = 5.0;
				TARGETED_DEVICE_FAMILY = "1,2";
				TEST_HOST = "$(BUILT_PRODUCTS_DIR)/simplyutil.app/simplyutil";
			};
			name = Debug;
		};
		B2B6E5C527301B8100D30397 /* Release */ = {
			isa = XCBuildConfiguration;
			buildSettings = {
				ALWAYS_EMBED_SWIFT_STANDARD_LIBRARIES = YES;
				BUNDLE_LOADER = "$(TEST_HOST)";
				CODE_SIGN_STYLE = Automatic;
				CURRENT_PROJECT_VERSION = 1;
				DEVELOPMENT_TEAM = XJ6N6JRED2;
				GENERATE_INFOPLIST_FILE = YES;
				IPHONEOS_DEPLOYMENT_TARGET = 17.0;
				LD_RUNPATH_SEARCH_PATHS = (
					"$(inherited)",
					"@executable_path/Frameworks",
					"@loader_path/Frameworks",
				);
				MARKETING_VERSION = 1.0;
				PRODUCT_BUNDLE_IDENTIFIER = com.shapiraomri.simplyutilTests;
				PRODUCT_NAME = "$(TARGET_NAME)";
				SWIFT_EMIT_LOC_STRINGS = NO;
				SWIFT_VERSION = 5.0;
				TARGETED_DEVICE_FAMILY = "1,2";
				TEST_HOST = "$(BUILT_PRODUCTS_DIR)/simplyutil.app/simplyutil";
			};
			name = Release;
		};
		B2B6E5C727301B8100D30397 /* Debug */ = {
			isa = XCBuildConfiguration;
			buildSettings = {
				ALWAYS_EMBED_SWIFT_STANDARD_LIBRARIES = YES;
				CODE_SIGN_STYLE = Automatic;
				CURRENT_PROJECT_VERSION = 1;
				DEVELOPMENT_TEAM = XJ6N6JRED2;
				GENERATE_INFOPLIST_FILE = YES;
				LD_RUNPATH_SEARCH_PATHS = (
					"$(inherited)",
					"@executable_path/Frameworks",
					"@loader_path/Frameworks",
				);
				MARKETING_VERSION = 1.0;
				PRODUCT_BUNDLE_IDENTIFIER = com.shapiraomri.simplyutilUITests;
				PRODUCT_NAME = "$(TARGET_NAME)";
				SWIFT_EMIT_LOC_STRINGS = NO;
				SWIFT_VERSION = 5.0;
				TARGETED_DEVICE_FAMILY = "1,2";
				TEST_TARGET_NAME = simplyutil;
			};
			name = Debug;
		};
		B2B6E5C827301B8100D30397 /* Release */ = {
			isa = XCBuildConfiguration;
			buildSettings = {
				ALWAYS_EMBED_SWIFT_STANDARD_LIBRARIES = YES;
				CODE_SIGN_STYLE = Automatic;
				CURRENT_PROJECT_VERSION = 1;
				DEVELOPMENT_TEAM = XJ6N6JRED2;
				GENERATE_INFOPLIST_FILE = YES;
				LD_RUNPATH_SEARCH_PATHS = (
					"$(inherited)",
					"@executable_path/Frameworks",
					"@loader_path/Frameworks",
				);
				MARKETING_VERSION = 1.0;
				PRODUCT_BUNDLE_IDENTIFIER = com.shapiraomri.simplyutilUITests;
				PRODUCT_NAME = "$(TARGET_NAME)";
				SWIFT_EMIT_LOC_STRINGS = NO;
				SWIFT_VERSION = 5.0;
				TARGETED_DEVICE_FAMILY = "1,2";
				TEST_TARGET_NAME = simplyutil;
			};
			name = Release;
		};
/* End XCBuildConfiguration section */

/* Begin XCConfigurationList section */
		B2B6E59727301B8000D30397 /* Build configuration list for PBXProject "simplyutil" */ = {
			isa = XCConfigurationList;
			buildConfigurations = (
				B2B6E5BE27301B8100D30397 /* Debug */,
				B2B6E5BF27301B8100D30397 /* Release */,
			);
			defaultConfigurationIsVisible = 0;
			defaultConfigurationName = Release;
		};
		B2B6E5C027301B8100D30397 /* Build configuration list for PBXNativeTarget "simplyutil" */ = {
			isa = XCConfigurationList;
			buildConfigurations = (
				B2B6E5C127301B8100D30397 /* Debug */,
				B2B6E5C227301B8100D30397 /* Release */,
			);
			defaultConfigurationIsVisible = 0;
			defaultConfigurationName = Release;
		};
		B2B6E5C327301B8100D30397 /* Build configuration list for PBXNativeTarget "simplyutilTests" */ = {
			isa = XCConfigurationList;
			buildConfigurations = (
				B2B6E5C427301B8100D30397 /* Debug */,
				B2B6E5C527301B8100D30397 /* Release */,
			);
			defaultConfigurationIsVisible = 0;
			defaultConfigurationName = Release;
		};
		B2B6E5C627301B8100D30397 /* Build configuration list for PBXNativeTarget "simplyutilUITests" */ = {
			isa = XCConfigurationList;
			buildConfigurations = (
				B2B6E5C727301B8100D30397 /* Debug */,
				B2B6E5C827301B8100D30397 /* Release */,
			);
			defaultConfigurationIsVisible = 0;
			defaultConfigurationName = Release;
		};
/* End XCConfigurationList section */
	};
	rootObject = B2B6E59427301B8000D30397 /* Project object */;
}
